
Microsoft Visual Studio Solution File, Format Version 12.00
# Visual Studio Version 17
VisualStudioVersion = 17.13.35931.197 d17.13
MinimumVisualStudioVersion = 10.0.40219.1
Project("{FAE04EC0-301F-11D3-BF4B-00C04F79EFBC}") = "Exchanger", "Exchanger.csproj", "{C50F7D66-EB5F-44B5-9472-4F82055E9CB3}"
EndProject
Global
	GlobalSection(SolutionConfigurationPlatforms) = preSolution
		Debug|Any CPU = Debug|Any CPU
		Release|Any CPU = Release|Any CPU
	EndGlobalSection
	GlobalSection(ProjectConfigurationPlatforms) = postSolution
		{C50F7D66-EB5F-44B5-9472-4F82055E9CB3}.Debug|Any CPU.ActiveCfg = Debug|Any CPU
		{C50F7D66-EB5F-44B5-9472-4F82055E9CB3}.Debug|Any CPU.Build.0 = Debug|Any CPU
		{C50F7D66-EB5F-44B5-9472-4F82055E9CB3}.Release|Any CPU.ActiveCfg = Release|Any CPU
		{C50F7D66-EB5F-44B5-9472-4F82055E9CB3}.Release|Any CPU.Build.0 = Release|Any CPU
	EndGlobalSection
	GlobalSection(SolutionProperties) = preSolution
		HideSolutionNode = FALSE
	EndGlobalSection
	GlobalSection(ExtensibilityGlobals) = postSolution
		SolutionGuid = {1E35B768-D4A8-4BCA-AFC5-03A927C9BE5A}
	EndGlobalSection
EndGlobal
